
Microsoft Visual Studio Solution File, Format Version 12.00
# Visual Studio 14
VisualStudioVersion = 14.0.25420.1
MinimumVisualStudioVersion = 10.0.40219.1
Project("{8BC9CEB8-8B4A-11D0-8D11-00A0C91BC942}") = "game", "game.vcxproj", "{8D280B5E-4213-47E7-8FC3-B543F4339306}"
EndProject
Global
	GlobalSection(SolutionConfigurationPlatforms) = preSolution
		Debug Alpha|x86 = Debug Alpha|x86
		Debug|x86 = Debug|x86
		Release Alpha|x86 = Release Alpha|x86
		Release|x86 = Release|x86
	EndGlobalSection
	GlobalSection(ProjectConfigurationPlatforms) = postSolution
		{8D280B5E-4213-47E7-8FC3-B543F4339306}.Debug Alpha|x86.ActiveCfg = Debug Alpha|Win32
		{8D280B5E-4213-47E7-8FC3-B543F4339306}.Debug Alpha|x86.Build.0 = Debug Alpha|Win32
		{8D280B5E-4213-47E7-8FC3-B543F4339306}.Debug|x86.ActiveCfg = Debug|Win32
		{8D280B5E-4213-47E7-8FC3-B543F4339306}.Debug|x86.Build.0 = Debug|Win32
		{8D280B5E-4213-47E7-8FC3-B543F4339306}.Release Alpha|x86.ActiveCfg = Release Alpha|Win32
		{8D280B5E-4213-47E7-8FC3-B543F4339306}.Release Alpha|x86.Build.0 = Release Alpha|Win32
		{8D280B5E-4213-47E7-8FC3-B543F4339306}.Release|x86.ActiveCfg = Release|Win32
		{8D280B5E-4213-47E7-8FC3-B543F4339306}.Release|x86.Build.0 = Release|Win32
	EndGlobalSection
	GlobalSection(SolutionProperties) = preSolution
		HideSolutionNode = FALSE
	EndGlobalSection
EndGlobal
